// !$*UTF8*$!
{
	archiveVersion = 1;
	classes = {
	};
	objectVersion = 50;
	objects = {

/* Begin PBXBuildFile section */
		DC8A9F8A2430A3B000C9289E /* AppDelegate.swift in Sources */ = {isa = PBXBuildFile; fileRef = DC8A9F892430A3B000C9289E /* AppDelegate.swift */; };
		DC8A9F8C2430A3B000C9289E /* SceneDelegate.swift in Sources */ = {isa = PBXBuildFile; fileRef = DC8A9F8B2430A3B000C9289E /* SceneDelegate.swift */; };
		DC8A9F8E2430A3B000C9289E /* ViewController.swift in Sources */ = {isa = PBXBuildFile; fileRef = DC8A9F8D2430A3B000C9289E /* ViewController.swift */; };
		DC8A9F912430A3B000C9289E /* Main.storyboard in Resources */ = {isa = PBXBuildFile; fileRef = DC8A9F8F2430A3B000C9289E /* Main.storyboard */; };
		DC8A9F932430A3B000C9289E /* Assets.xcassets in Resources */ = {isa = PBXBuildFile; fileRef = DC8A9F922430A3B000C9289E /* Assets.xcassets */; };
		DC8A9F962430A3B000C9289E /* LaunchScreen.storyboard in Resources */ = {isa = PBXBuildFile; fileRef = DC8A9F942430A3B000C9289E /* LaunchScreen.storyboard */; };
/* End PBXBuildFile section */

/* Begin PBXFileReference section */
		DC8A9F862430A3B000C9289E /* CustomViewClassWithXIB.app */ = {isa = PBXFileReference; explicitFileType = wrapper.application; includeInIndex = 0; path = CustomViewClassWithXIB.app; sourceTree = BUILT_PRODUCTS_DIR; };
		DC8A9F892430A3B000C9289E /* AppDelegate.swift */ = {isa = PBXFileReference; lastKnownFileType = sourcecode.swift; path = AppDelegate.swift; sourceTree = "<group>"; };
		DC8A9F8B2430A3B000C9289E /* SceneDelegate.swift */ = {isa = PBXFileReference; lastKnownFileType = sourcecode.swift; path = SceneDelegate.swift; sourceTree = "<group>"; };
		DC8A9F8D2430A3B000C9289E /* ViewController.swift */ = {isa = PBXFileReference; lastKnownFileType = sourcecode.swift; path = ViewController.swift; sourceTree = "<group>"; };
		DC8A9F902430A3B000C9289E /* Base */ = {isa = PBXFileReference; lastKnownFileType = file.storyboard; name = Base; path = Base.lproj/Main.storyboard; sourceTree = "<group>"; };
		DC8A9F922430A3B000C9289E /* Assets.xcassets */ = {isa = PBXFileReference; lastKnownFileType = folder.assetcatalog; path = Assets.xcassets; sourceTree = "<group>"; };
		DC8A9F952430A3B000C9289E /* Base */ = {isa = PBXFileReference; lastKnownFileType = file.storyboard; name = Base; path = Base.lproj/LaunchScreen.storyboard; sourceTree = "<group>"; };
		DC8A9F972430A3B000C9289E /* Info.plist */ = {isa = PBXFileReference; lastKnownFileType = text.plist.xml; path = Info.plist; sourceTree = "<group>"; };
/* End PBXFileReference section */

/* Begin PBXFrameworksBuildPhase section */
		DC8A9F832430A3B000C9289E /* Frameworks */ = {
			isa = PBXFrameworksBuildPhase;
			buildActionMask = 2147483647;
			files = (
			);
			runOnlyForDeploymentPostprocessing = 0;
		};
/* End PBXFrameworksBuildPhase section */

/* Begin PBXGroup section */
		DC8A9F7D2430A3B000C9289E = {
			isa = PBXGroup;
			children = (
				DC8A9F882430A3B000C9289E /* CustomViewClassWithXIB */,
				DC8A9F872430A3B000C9289E /* Products */,
			);
			sourceTree = "<group>";
		};
		DC8A9F872430A3B000C9289E /* Products */ = {
			isa = PBXGroup;
			children = (
				DC8A9F862430A3B000C9289E /* CustomViewClassWithXIB.app */,
			);
			name = Products;
			sourceTree = "<group>";
		};
		DC8A9F882430A3B000C9289E /* CustomViewClassWithXIB */ = {
			isa = PBXGroup;
			children = (
				DC8A9F892430A3B000C9289E /* AppDelegate.swift */,
				DC8A9F8B2430A3B000C9289E /* SceneDelegate.swift */,
				DC8A9F8D2430A3B000C9289E /* ViewController.swift */,
				DC8A9F8F2430A3B000C9289E /* Main.storyboard */,
				DC8A9F922430A3B000C9289E /* Assets.xcassets */,
				DC8A9F942430A3B000C9289E /* LaunchScreen.storyboard */,
				DC8A9F972430A3B000C9289E /* Info.plist */,
			);
			path = CustomViewClassWithXIB;
			sourceTree = "<group>";
		};
/* End PBXGroup section */

/* Begin PBXNativeTarget section */
		DC8A9F852430A3B000C9289E /* CustomViewClassWithXIB */ = {
			isa = PBXNativeTarget;
			buildConfigurationList = DC8A9F9A2430A3B000C9289E /* Build configuration list for PBXNativeTarget "CustomViewClassWithXIB" */;
			buildPhases = (
				DC8A9F822430A3B000C9289E /* Sources */,
				DC8A9F832430A3B000C9289E /* Frameworks */,
				DC8A9F842430A3B000C9289E /* Resources */,
			);
			buildRules = (
			);
			dependencies = (
			);
			name = CustomViewClassWithXIB;
			productName = CustomViewClassWithXIB;
			productReference = DC8A9F862430A3B000C9289E /* CustomViewClassWithXIB.app */;
			productType = "com.apple.product-type.application";
		};
/* End PBXNativeTarget section */

/* Begin PBXProject section */
		DC8A9F7E2430A3B000C9289E /* Project object */ = {
			isa = PBXProject;
			attributes = {
				LastSwiftUpdateCheck = 1100;
				LastUpgradeCheck = 1100;
				ORGANIZATIONNAME = "Aman Aggarwal";
				TargetAttributes = {
					DC8A9F852430A3B000C9289E = {
						CreatedOnToolsVersion = 11.0;
					};
				};
			};
			buildConfigurationList = DC8A9F812430A3B000C9289E /* Build configuration list for PBXProject "CustomViewClassWithXIB" */;
			compatibilityVersion = "Xcode 9.3";
			developmentRegion = en;
			hasScannedForEncodings = 0;
			knownRegions = (
				en,
				Base,
			);
			mainGroup = DC8A9F7D2430A3B000C9289E;
			productRefGroup = DC8A9F872430A3B000C9289E /* Products */;
			projectDirPath = "";
			projectRoot = "";
			targets = (
				DC8A9F852430A3B000C9289E /* CustomViewClassWithXIB */,
			);
		};
/* End PBXProject section */

/* Begin PBXResourcesBuildPhase section */
		DC8A9F842430A3B000C9289E /* Resources */ = {
			isa = PBXResourcesBuildPhase;
			buildActionMask = 2147483647;
			files = (
				DC8A9F962430A3B000C9289E /* LaunchScreen.storyboard in Resources */,
				DC8A9F932430A3B000C9289E /* Assets.xcassets in Resources */,
				DC8A9F912430A3B000C9289E /* Main.storyboard in Resources */,
			);
			runOnlyForDeploymentPostprocessing = 0;
		};
/* End PBXResourcesBuildPhase section */

/* Begin PBXSourcesBuildPhase section */
		DC8A9F822430A3B000C9289E /* Sources */ = {
			isa = PBXSourcesBuildPhase;
			buildActionMask = 2147483647;
			files = (
				DC8A9F8E2430A3B000C9289E /* ViewController.swift in Sources */,
				DC8A9F8A2430A3B000C9289E /* AppDelegate.swift in Sources */,
				DC8A9F8C2430A3B000C9289E /* SceneDelegate.swift in Sources */,
			);
			runOnlyForDeploymentPostprocessing = 0;
		};
/* End PBXSourcesBuildPhase section */

/* Begin PBXVariantGroup section */
		DC8A9F8F2430A3B000C9289E /* Main.storyboard */ = {
			isa = PBXVariantGroup;
			children = (
				DC8A9F902430A3B000C9289E /* Base */,
			);
			name = Main.storyboard;
			sourceTree = "<group>";
		};
		DC8A9F942430A3B000C9289E /* LaunchScreen.storyboard */ = {
			isa = PBXVariantGroup;
			children = (
				DC8A9F952430A3B000C9289E /* Base */,
			);
			name = LaunchScreen.storyboard;
			sourceTree = "<group>";
		};
/* End PBXVariantGroup section */

/* Begin XCBuildConfiguration section */
		DC8A9F982430A3B000C9289E /* Debug */ = {
			isa = XCBuildConfiguration;
			buildSettings = {
				ALWAYS_SEARCH_USER_PATHS = NO;
				CLANG_ANALYZER_NONNULL = YES;
				CLANG_ANALYZER_NUMBER_OBJECT_CONVERSION = YES_AGGRESSIVE;
				CLANG_CXX_LANGUAGE_STANDARD = "gnu++14";
				CLANG_CXX_LIBRARY = "libc++";
				CLANG_ENABLE_MODULES = YES;
				CLANG_ENABLE_OBJC_ARC = YES;
				CLANG_ENABLE_OBJC_WEAK = YES;
				CLANG_WARN_BLOCK_CAPTURE_AUTORELEASING = YES;
				CLANG_WARN_BOOL_CONVERSION = YES;
				CLANG_WARN_COMMA = YES;
				CLANG_WARN_CONSTANT_CONVERSION = YES;
				CLANG_WARN_DEPRECATED_OBJC_IMPLEMENTATIONS = YES;
				CLANG_WARN_DIRECT_OBJC_ISA_USAGE = YES_ERROR;
				CLANG_WARN_DOCUMENTATION_COMMENTS = YES;
				CLANG_WARN_EMPTY_BODY = YES;
				CLANG_WARN_ENUM_CONVERSION = YES;
				CLANG_WARN_INFINITE_RECURSION = YES;
				CLANG_WARN_INT_CONVERSION = YES;
				CLANG_WARN_NON_LITERAL_NULL_CONVERSION = YES;
				CLANG_WARN_OBJC_IMPLICIT_RETAIN_SELF = YES;
				CLANG_WARN_OBJC_LITERAL_CONVERSION = YES;
				CLANG_WARN_OBJC_ROOT_CLASS = YES_ERROR;
				CLANG_WARN_RANGE_LOOP_ANALYSIS = YES;
				CLANG_WARN_STRICT_PROTOTYPES = YES;
				CLANG_WARN_SUSPICIOUS_MOVE = YES;
				CLANG_WARN_UNGUARDED_AVAILABILITY = YES_AGGRESSIVE;
				CLANG_WARN_UNREACHABLE_CODE = YES;
				CLANG_WARN__DUPLICATE_METHOD_MATCH = YES;
				COPY_PHASE_STRIP = NO;
				DEBUG_INFORMATION_FORMAT = dwarf;
				ENABLE_STRICT_OBJC_MSGSEND = YES;
				ENABLE_TESTABILITY = YES;
				GCC_C_LANGUAGE_STANDARD = gnu11;
				GCC_DYNAMIC_NO_PIC = NO;
				GCC_NO_COMMON_BLOCKS = YES;
				GCC_OPTIMIZATION_LEVEL = 0;
				GCC_PREPROCESSOR_DEFINITIONS = (
					"DEBUG=1",
					"$(inherited)",
				);
				GCC_WARN_64_TO_32_BIT_CONVERSION = YES;
				GCC_WARN_ABOUT_RETURN_TYPE = YES_ERROR;
				GCC_WARN_UNDECLARED_SELECTOR = YES;
				GCC_WARN_UNINITIALIZED_AUTOS = YES_AGGRESSIVE;
				GCC_WARN_UNUSED_FUNCTION = YES;
				GCC_WARN_UNUSED_VARIABLE = YES;
				IPHONEOS_DEPLOYMENT_TARGET = 13.0;
				MTL_ENABLE_DEBUG_INFO = INCLUDE_SOURCE;
				MTL_FAST_MATH = YES;
				ONLY_ACTIVE_ARCH = YES;
				SDKROOT = iphoneos;
				SWIFT_ACTIVE_COMPILATION_CONDITIONS = DEBUG;
				SWIFT_OPTIMIZATION_LEVEL = "-Onone";
			};
			name = Debug;
		};
		DC8A9F992430A3B000C9289E /* Release */ = {
			isa = XCBuildConfiguration;
			buildSettings = {
				ALWAYS_SEARCH_USER_PATHS = NO;
				CLANG_ANALYZER_NONNULL = YES;
				CLANG_ANALYZER_NUMBER_OBJECT_CONVERSION = YES_AGGRESSIVE;
				CLANG_CXX_LANGUAGE_STANDARD = "gnu++14";
				CLANG_CXX_LIBRARY = "libc++";
				CLANG_ENABLE_MODULES = YES;
				CLANG_ENABLE_OBJC_ARC = YES;
				CLANG_ENABLE_OBJC_WEAK = YES;
				CLANG_WARN_BLOCK_CAPTURE_AUTORELEASING = YES;
				CLANG_WARN_BOOL_CONVERSION = YES;
				CLANG_WARN_COMMA = YES;
				CLANG_WARN_CONSTANT_CONVERSION = YES;
				CLANG_WARN_DEPRECATED_OBJC_IMPLEMENTATIONS = YES;
				CLANG_WARN_DIRECT_OBJC_ISA_USAGE = YES_ERROR;
				CLANG_WARN_DOCUMENTATION_COMMENTS = YES;
				CLANG_WARN_EMPTY_BODY = YES;
				CLANG_WARN_ENUM_CONVERSION = YES;
				CLANG_WARN_INFINITE_RECURSION = YES;
				CLANG_WARN_INT_CONVERSION = YES;
				CLANG_WARN_NON_LITERAL_NULL_CONVERSION = YES;
				CLANG_WARN_OBJC_IMPLICIT_RETAIN_SELF = YES;
				CLANG_WARN_OBJC_LITERAL_CONVERSION = YES;
				CLANG_WARN_OBJC_ROOT_CLASS = YES_ERROR;
				CLANG_WARN_RANGE_LOOP_ANALYSIS = YES;
				CLANG_WARN_STRICT_PROTOTYPES = YES;
				CLANG_WARN_SUSPICIOUS_MOVE = YES;
				CLANG_WARN_UNGUARDED_AVAILABILITY = YES_AGGRESSIVE;
				CLANG_WARN_UNREACHABLE_CODE = YES;
				CLANG_WARN__DUPLICATE_METHOD_MATCH = YES;
				COPY_PHASE_STRIP = NO;
				DEBUG_INFORMATION_FORMAT = "dwarf-with-dsym";
				ENABLE_NS_ASSERTIONS = NO;
				ENABLE_STRICT_OBJC_MSGSEND = YES;
				GCC_C_LANGUAGE_STANDARD = gnu11;
				GCC_NO_COMMON_BLOCKS = YES;
				GCC_WARN_64_TO_32_BIT_CONVERSION = YES;
				GCC_WARN_ABOUT_RETURN_TYPE = YES_ERROR;
				GCC_WARN_UNDECLARED_SELECTOR = YES;
				GCC_WARN_UNINITIALIZED_AUTOS = YES_AGGRESSIVE;
				GCC_WARN_UNUSED_FUNCTION = YES;
				GCC_WARN_UNUSED_VARIABLE = YES;
				IPHONEOS_DEPLOYMENT_TARGET = 13.0;
				MTL_ENABLE_DEBUG_INFO = NO;
				MTL_FAST_MATH = YES;
				SDKROOT = iphoneos;
				SWIFT_COMPILATION_MODE = wholemodule;
				SWIFT_OPTIMIZATION_LEVEL = "-O";
				VALIDATE_PRODUCT = YES;
			};
			name = Release;
		};
		DC8A9F9B2430A3B000C9289E /* Debug */ = {
			isa = XCBuildConfiguration;
			buildSettings = {
				ASSETCATALOG_COMPILER_APPICON_NAME = AppIcon;
				CODE_SIGN_STYLE = Automatic;
				INFOPLIST_FILE = CustomViewClassWithXIB/Info.plist;
				LD_RUNPATH_SEARCH_PATHS = (
					"$(inherited)",
					"@executable_path/Frameworks",
				);
				PRODUCT_BUNDLE_IDENTIFIER = com.iostutorialjunction.CustomViewClassWithXIB;
				PRODUCT_NAME = "$(TARGET_NAME)";
				SWIFT_VERSION = 5.0;
				TARGETED_DEVICE_FAMILY = "1,2";
			};
			name = Debug;
		};
		DC8A9F9C2430A3B000C9289E /* Release */ = {
			isa = XCBuildConfiguration;
			buildSettings = {
				ASSETCATALOG_COMPILER_APPICON_NAME = AppIcon;
				CODE_SIGN_STYLE = Automatic;
				INFOPLIST_FILE = CustomViewClassWithXIB/Info.plist;
				LD_RUNPATH_SEARCH_PATHS = (
					"$(inherited)",
					"@executable_path/Frameworks",
				);
				PRODUCT_BUNDLE_IDENTIFIER = com.iostutorialjunction.CustomViewClassWithXIB;
				PRODUCT_NAME = "$(TARGET_NAME)";
				SWIFT_VERSION = 5.0;
				TARGETED_DEVICE_FAMILY = "1,2";
			};
			name = Release;
		};
/* End XCBuildConfiguration section */

/* Begin XCConfigurationList section */
		DC8A9F812430A3B000C9289E /* Build configuration list for PBXProject "CustomViewClassWithXIB" */ = {
			isa = XCConfigurationList;
			buildConfigurations = (
				DC8A9F982430A3B000C9289E /* Debug */,
				DC8A9F992430A3B000C9289E /* Release */,
			);
			defaultConfigurationIsVisible = 0;
			defaultConfigurationName = Release;
		};
		DC8A9F9A2430A3B000C9289E /* Build configuration list for PBXNativeTarget "CustomViewClassWithXIB" */ = {
			isa = XCConfigurationList;
			buildConfigurations = (
				DC8A9F9B2430A3B000C9289E /* Debug */,
				DC8A9F9C2430A3B000C9289E /* Release */,
			);
			defaultConfigurationIsVisible = 0;
			defaultConfigurationName = Release;
		};
/* End XCConfigurationList section */
	};
	rootObject = DC8A9F7E2430A3B000C9289E /* Project object */;
}
